{
  "name": "mimo-tts-openai-cf-worker",
  "version": "1.0.0",
  "lockfileVersion": 3,
  "requires": true,
  "packages": {
    "": {
      "name": "mimo-tts-openai-cf-worker",
      "version": "1.0.0",
      "license": "MIT",
      "dependencies": {
        "@audio/encode-flac": "^1.1.1",
        "@audio/encode-mp3": "^1.1.1",
        "@audio/encode-opus": "^1.0.2"
      }
    },
    "node_modules/@audio/encode-flac": {
      "version": "1.1.1",
      "resolved": "https://registry.npmjs.org/@audio/encode-flac/-/encode-flac-1.1.1.tgz",
      "integrity": "sha512-LFCja4HhBPKh5W9BTjIVYzWkLvYVMHCwgGadyYP48V9+zUYEUu9vRn7AAWRVJxe2ADmxaqcTJn2e3UBTnUDvpw==",
      "license": "MIT",
      "dependencies": {
        "libflacjs": "^5.4.0"
      },
      "engines": {
        "node": ">=16"
      }
    },
    "node_modules/@audio/encode-mp3": {
      "version": "1.1.1",
      "resolved": "https://registry.npmjs.org/@audio/encode-mp3/-/encode-mp3-1.1.1.tgz",
      "integrity": "sha512-4yQmbrvuVCry8l79I/w/dR2SHMNnHFu9cke8BRYoQLwNi2wf0gfJUWWANU8EzbFheqeaoDOjnCPvSsdKUPVdvA==",
      "license": "MIT",
      "dependencies": {
        "wasm-media-encoders": "^0.7.0"
      },
      "engines": {
        "node": ">=16"
      }
    },
    "node_modules/@audio/encode-opus": {
      "version": "1.0.2",
      "resolved": "https://registry.npmjs.org/@audio/encode-opus/-/encode-opus-1.0.2.tgz",
      "integrity": "sha512-79HTUANdSDouCpQ+27QqYEIpcPg5MFhFzdj/8gjhi3mDG1rASodcP2hCOKTvKgbelkN1rBuXIemJN7co+wgQzQ==",
      "license": "MIT",
      "dependencies": {
        "opusscript": "^0.1.1"
      },
      "engines": {
        "node": ">=16"
      }
    },
    "node_modules/@swc/helpers": {
      "version": "0.5.21",
      "resolved": "https://registry.npmjs.org/@swc/helpers/-/helpers-0.5.21.tgz",
      "integrity": "sha512-jI/VAmtdjB/RnI8GTnokyX7Ug8c+g+ffD6QRLa6XQewtnGyukKkKSk3wLTM3b5cjt1jNh9x0jfVlagdN2gDKQg==",
      "license": "Apache-2.0",
      "dependencies": {
        "tslib": "^2.8.0"
      }
    },
    "node_modules/libflacjs": {
      "version": "5.4.0",
      "resolved": "https://registry.npmjs.org/libflacjs/-/libflacjs-5.4.0.tgz",
      "integrity": "sha512-O/MRbhnRiEXAT4K5q3YWUnyEhg7EJ7+2LNyRmOdxApWLdowi9QVGQqKGYHQg6Wx5l4qp6V7f62Utb1z/ESWqPw==",
      "license": "MIT",
      "bin": {
        "index.d.ts": "dist/index.d.ts",
        "libflac.d.ts": "dist/libflac.d.ts",
        "libflac.dev.d.ts": "dist/libflac.dev.d.ts",
        "libflac.dev.js": "dist/libflac.dev.js",
        "libflac.dev.js.symbols": "dist/libflac.dev.js.symbols",
        "libflac.dev.wasm.d.ts": "dist/libflac.dev.wasm.d.ts",
        "libflac.dev.wasm.js": "dist/libflac.dev.wasm.js",
        "libflac.dev.wasm.js.symbols": "dist/libflac.dev.wasm.js.symbols",
        "libflac.dev.wasm.wasm": "dist/libflac.dev.wasm.wasm",
        "libflac.dev.wasm.wasm.map": "dist/libflac.dev.wasm.wasm.map",
        "libflac.js": "dist/libflac.js",
        "libflac.js.symbols": "dist/libflac.js.symbols",
        "libflac.min.d.ts": "dist/libflac.min.d.ts",
        "libflac.min.js": "dist/libflac.min.js",
        "libflac.min.js.mem": "dist/libflac.min.js.mem",
        "libflac.min.js.symbols": "dist/libflac.min.js.symbols",
        "libflac.min.wasm.d.ts": "dist/libflac.min.wasm.d.ts",
        "libflac.min.wasm.js": "dist/libflac.min.wasm.js",
        "libflac.min.wasm.js.symbols": "dist/libflac.min.wasm.js.symbols",
        "libflac.min.wasm.wasm": "dist/libflac.min.wasm.wasm",
        "libflac.wasm.d.ts": "dist/libflac.wasm.d.ts",
        "libflac.wasm.js": "dist/libflac.wasm.js",
        "libflac.wasm.js.symbols": "dist/libflac.wasm.js.symbols",
        "libflac.wasm.wasm": "dist/libflac.wasm.wasm"
      }
    },
    "node_modules/opusscript": {
      "version": "0.1.1",
      "resolved": "https://registry.npmjs.org/opusscript/-/opusscript-0.1.1.tgz",
      "integrity": "sha512-mL0fZZOUnXdZ78woRXp18lApwpp0lF5tozJOD1Wut0dgrA9WuQTgSels/CSmFleaAZrJi/nci5KOVtbuxeWoQA==",
      "license": "MIT"
    },
    "node_modules/tslib": {
      "version": "2.8.1",
      "resolved": "https://registry.npmjs.org/tslib/-/tslib-2.8.1.tgz",
      "integrity": "sha512-oJFu94HQb+KVduSUQL7wnpmqnfmLsOA/nAh6b6EH0wCEoK0/mPeXU6c3wKDV83MkOuHPRHtSXKKU99IBazS/2w==",
      "license": "0BSD"
    },
    "node_modules/wasm-media-encoders": {
      "version": "0.7.0",
      "resolved": "https://registry.npmjs.org/wasm-media-encoders/-/wasm-media-encoders-0.7.0.tgz",
      "integrity": "sha512-Sp4wUasgxOK/IFfNhpon6LQQgYGwtpxyV4isjGIe1rvhnJL3w2KYr4f+CdqDNtGPDcgCDRY+uBanVfSx6Si0WQ==",
      "license": "MIT",
      "dependencies": {
        "@swc/helpers": "^0.5.10"
      },
      "engines": {
        "node": ">= 10"
      }
    }
  }
}
